
Microsoft Visual Studio Solution File, Format Version 10.00
# Visual C++ Express 2008
Project("{8BC9CEB8-8B4A-11D0-8D11-00A0C91BC942}") = "SDL_ffmpeg", "SDL_ffmpeg.vcproj", "{6875A8EA-CCD1-4D57-B637-AAEE5112C675}"
EndProject
Project("{8BC9CEB8-8B4A-11D0-8D11-00A0C91BC942}") = "example", "example.vcproj", "{D4D66BA2-A30C-4DB7-B7ED-DD911C6A0F06}"
	ProjectSection(ProjectDependencies) = postProject
		{6875A8EA-CCD1-4D57-B637-AAEE5112C675} = {6875A8EA-CCD1-4D57-B637-AAEE5112C675}
	EndProjectSection
EndProject
Global
	GlobalSection(SolutionConfigurationPlatforms) = preSolution
		Debug|Win32 = Debug|Win32
		Release|Win32 = Release|Win32
	EndGlobalSection
	GlobalSection(ProjectConfigurationPlatforms) = postSolution
		{6875A8EA-CCD1-4D57-B637-AAEE5112C675}.Debug|Win32.ActiveCfg = Debug|Win32
		{6875A8EA-CCD1-4D57-B637-AAEE5112C675}.Debug|Win32.Build.0 = Debug|Win32
		{6875A8EA-CCD1-4D57-B637-AAEE5112C675}.Release|Win32.ActiveCfg = Release|Win32
		{6875A8EA-CCD1-4D57-B637-AAEE5112C675}.Release|Win32.Build.0 = Release|Win32
		{D4D66BA2-A30C-4DB7-B7ED-DD911C6A0F06}.Debug|Win32.ActiveCfg = Debug|Win32
		{D4D66BA2-A30C-4DB7-B7ED-DD911C6A0F06}.Debug|Win32.Build.0 = Debug|Win32
		{D4D66BA2-A30C-4DB7-B7ED-DD911C6A0F06}.Release|Win32.ActiveCfg = Release|Win32
		{D4D66BA2-A30C-4DB7-B7ED-DD911C6A0F06}.Release|Win32.Build.0 = Release|Win32
	EndGlobalSection
	GlobalSection(SolutionProperties) = preSolution
		HideSolutionNode = FALSE
	EndGlobalSection
EndGlobal
