<?xml version="1.0" encoding="UTF-8" standalone="yes" ?>
<CodeBlocks_project_file>
	<FileVersion major="1" minor="6" />
	<Project>
		<Option title="SDL_ffmpeg" />
		<Option makefile='Makefile DEBUG=true ECFLAGS=&quot;-pg -O2&quot; FFMPEGDIR=/home/arjan/ffmpeg/ STATIC=true' />
		<Option makefile_is_custom="1" />
		<Option pch_mode="2" />
		<Option default_target="example" />
		<Option compiler="gcc" />
		<Build>
			<Target title="staticlibrary">
				<Option output="lib\libSDL_ffmpeg" prefix_auto="1" extension_auto="1" />
				<Option working_dir="" />
				<Option type="2" />
				<Option compiler="gcc" />
			</Target>
			<Target title="example">
				<Option output="bin\example" prefix_auto="1" extension_auto="1" />
				<Option working_dir="bin" />
				<Option object_output="obj\Release\library" />
				<Option type="1" />
				<Option compiler="gcc" />
				<Option parameters="/home/arjan/Movies/scrtest.mpg" />
				<Compiler>
					<Add option="-O2" />
					<Add option="-Wall" />
					<Add option="-g" />
				</Compiler>
				<Linker>
					<Add library="SDL_ffmpegd" />
					<Add directory="lib" />
				</Linker>
			</Target>
			<Target title="audioexample">
				<Option output="bin\audioexample" prefix_auto="1" extension_auto="1" />
				<Option working_dir="bin" />
				<Option object_output="obj\audio_example" />
				<Option type="1" />
				<Option compiler="gcc" />
				<Option parameters="/Users/arjan/Music/Armin_van_Buuren_presents_-_A_State_of_Trance_Episode_349.mp3" />
				<Compiler>
					<Add option="-O2" />
					<Add option="-Wall" />
					<Add option="-g" />
				</Compiler>
				<Linker>
					<Add library="SDL_ffmpegd" />
					<Add directory="lib" />
				</Linker>
			</Target>
			<Target title="multichannelexample">
				<Option output="bin\multichannelexample" prefix_auto="1" extension_auto="1" />
				<Option working_dir="bin" />
				<Option type="1" />
				<Option compiler="gcc" />
				<Option parameters="/Users/arjan/Music/Armin_van_Buuren_presents_-_A_State_of_Trance_Episode_349.mp3" />
			</Target>
		</Build>
		<VirtualTargets>
			<Add alias="all" targets="multichannelexample;" />
		</VirtualTargets>
		<Compiler>
			<Add option="-Wall" />
			<Add directory="include" />
			<Add directory="\home\arjan\ffmpeg" />
			<Add directory="\home\arjan\ffmpeg\libavcodec" />
			<Add directory="\home\arjan\ffmpeg\libavformat" />
			<Add directory="\home\arjan\ffmpeg\libavutil" />
			<Add directory="\home\arjan\ffmpeg\libswscale" />
		</Compiler>
		<Linker>
			<Add library="SDL" />
			<Add library="SDLmain" />
			<Add library="z" />
			<Add directory="lib" />
		</Linker>
		<Unit filename="include\SDL\SDL_ffmpeg.h">
			<Option target="example" />
		</Unit>
		<Unit filename="src\SDL_ffmpeg.c">
			<Option compilerVar="CC" />
			<Option target="example" />
		</Unit>
		<Unit filename="src\audioexample.c">
			<Option compilerVar="CC" />
			<Option target="audioexample" />
		</Unit>
		<Unit filename="src\example.c">
			<Option compilerVar="CC" />
			<Option target="example" />
		</Unit>
		<Unit filename="src\multichannelexample.c">
			<Option compilerVar="CC" />
			<Option target="multichannelexample" />
		</Unit>
		<Extensions>
			<envvars />
			<code_completion />
			<debugger />
		</Extensions>
	</Project>
</CodeBlocks_project_file>
