<?xml version="1.0" encoding="UTF-8" standalone="yes" ?>
<CodeBlocks_project_file>
	<FileVersion major="1" minor="6" />
	<Project>
		<Option title="SDL_ffmpeg" />
		<Option makefile="Makefile ECFLAGS=-pg FFMPEGDIR=/OSX/Users/arjan/ffmpeg/" />
		<Option makefile_is_custom="1" />
		<Option pch_mode="2" />
		<Option default_target="example" />
		<Option compiler="gcc" />
		<Build>
			<Target title="dynamiclibrary">
				<Option output="lib/libSDL_ffmpegd" prefix_auto="1" extension_auto="1" />
				<Option working_dir="" />
				<Option object_output="obj/Debug/library" />
				<Option type="2" />
				<Option compiler="gcc" />
				<Compiler>
					<Add option="-Wall" />
					<Add option="-g" />
					<Add option="-fno-strict-aliasing" />
					<Add option="-DSDL_FFMPEG_LIBRARY" />
					<Add directory="../../ffmpeg/libavformat" />
					<Add directory="../../ffmpeg/libavcodec" />
					<Add directory="../../ffmpeg/libswscale" />
					<Add directory="../../ffmpeg/libavutil" />
				</Compiler>
			</Target>
			<Target title="example">
				<Option output="bin/example" prefix_auto="1" extension_auto="1" />
				<Option working_dir="bin" />
				<Option object_output="obj/Release/library" />
				<Option type="1" />
				<Option compiler="gcc" />
				<Option parameters='&quot;/OSX/Users/arjan/Movies/mythbusters.s06e07.hdtv.xvid-fqm.avi&quot; ' />
				<Compiler>
					<Add option="-O2" />
					<Add option="-Wall" />
					<Add option="-g" />
				</Compiler>
				<Linker>
					<Add library="SDL_ffmpegd" />
					<Add directory="lib" />
				</Linker>
			</Target>
			<Target title="audio_example">
				<Option output="bin/sdl_ffmpeg_audio" prefix_auto="1" extension_auto="1" />
				<Option working_dir="bin" />
				<Option object_output="obj/audio_example" />
				<Option type="1" />
				<Option compiler="gcc" />
				<Option parameters='&quot;/media/opslag/Films/office space/office space.avi&quot;' />
				<Compiler>
					<Add option="-O2" />
					<Add option="-Wall" />
					<Add option="-g" />
				</Compiler>
				<Linker>
					<Add library="SDL_ffmpegd" />
					<Add directory="lib" />
				</Linker>
			</Target>
			<Target title="staticlibrary">
				<Option output="SDL_ffmpeg" prefix_auto="1" extension_auto="1" />
				<Option type="0" />
				<Option compiler="gcc" />
			</Target>
			<Target title="multichannel">
				<Option output="bin/multichannel" prefix_auto="1" extension_auto="1" />
				<Option working_dir="bin" />
				<Option type="0" />
				<Option compiler="gcc" />
			</Target>
		</Build>
		<VirtualTargets>
			<Add alias="all" targets="dynamiclibrary;example;audio_example;" />
		</VirtualTargets>
		<Compiler>
			<Add option="-Wall" />
			<Add directory="include" />
			<Add directory="/home/arjan/ffmpeg" />
			<Add directory="/home/arjan/ffmpeg/libavcodec" />
			<Add directory="/home/arjan/ffmpeg/libavformat" />
			<Add directory="/home/arjan/ffmpeg/libavutil" />
			<Add directory="/home/arjan/ffmpeg/libswscale" />
		</Compiler>
		<Linker>
			<Add library="SDL" />
			<Add library="SDLmain" />
			<Add library="z" />
			<Add directory="lib" />
		</Linker>
		<Unit filename="include/SDL/SDL_ffmpeg.h">
			<Option target="dynamiclibrary" />
			<Option target="example" />
		</Unit>
		<Unit filename="src/SDL_ffmpeg.c">
			<Option compilerVar="CC" />
			<Option target="example" />
		</Unit>
		<Unit filename="src/audio_example.c">
			<Option compilerVar="CC" />
			<Option target="audio_example" />
		</Unit>
		<Unit filename="src/example.c">
			<Option compilerVar="CC" />
			<Option target="example" />
		</Unit>
		<Unit filename="src/multichannel.c">
			<Option compilerVar="CC" />
			<Option target="multichannel" />
		</Unit>
		<Extensions>
			<envvars />
			<code_completion />
			<debugger />
		</Extensions>
	</Project>
</CodeBlocks_project_file>
